
Microsoft Visual Studio Solution File, Format Version 12.00
# Visual Studio Version 17
VisualStudioVersion = 17.10.35122.118
MinimumVisualStudioVersion = 10.0.40219.1
Project("{FAE04EC0-301F-11D3-BF4B-00C04F79EFBC}") = "Learning", "Learning\Learning.csproj", "{57D8CFCB-06A2-4D8C-B676-F5BF2DE23EE5}"
EndProject
Global
	GlobalSection(SolutionConfigurationPlatforms) = preSolution
		Debug|Any CPU = Debug|Any CPU
		Release|Any CPU = Release|Any CPU
	EndGlobalSection
	GlobalSection(ProjectConfigurationPlatforms) = postSolution
		{57D8CFCB-06A2-4D8C-B676-F5BF2DE23EE5}.Debug|Any CPU.ActiveCfg = Debug|Any CPU
		{57D8CFCB-06A2-4D8C-B676-F5BF2DE23EE5}.Debug|Any CPU.Build.0 = Debug|Any CPU
		{57D8CFCB-06A2-4D8C-B676-F5BF2DE23EE5}.Release|Any CPU.ActiveCfg = Release|Any CPU
		{57D8CFCB-06A2-4D8C-B676-F5BF2DE23EE5}.Release|Any CPU.Build.0 = Release|Any CPU
	EndGlobalSection
	GlobalSection(SolutionProperties) = preSolution
		HideSolutionNode = FALSE
	EndGlobalSection
	GlobalSection(ExtensibilityGlobals) = postSolution
		SolutionGuid = {8487F1A3-881E-4A16-9CB1-48CBC9C38384}
	EndGlobalSection
EndGlobal
